{
    "_readme": [
        "This file locks the dependencies of your project to a known state",
        "Read more about it at https://getcomposer.org/doc/01-basic-usage.md#composer-lock-the-lock-file",
        "This file is @generated automatically"
    ],
    "hash": "03629e759dcd2fbe56c9071998d4c170",
    "packages": [
        {
            "name": "cartalyst/sentry",
            "version": "dev-feature/laravel-5",
            "source": {
                "type": "git",
                "url": "https://github.com/cartalyst/sentry.git",
                "reference": "092192e969520bb287b402fbe77ab070d4267910"
            },
            "dist": {
                "type": "zip",
                "url": "https://api.github.com/repos/cartalyst/sentry/zipball/092192e969520bb287b402fbe77ab070d4267910",
                "reference": "092192e969520bb287b402fbe77ab070d4267910",
                "shasum": ""
            },
            "require": {
                "php": ">=5.3.3"
            },
            "require-dev": {
                "illuminate/cookie": "~4.0|~5.0",
                "illuminate/database": "~4.0|~5.0",
                "illuminate/http": "~4.0|~5.0",
                "illuminate/session": "~4.0|~5.0",
                "ircmaxell/password-compat": "1.0.*",
                "mockery/mockery": "0.9.*"
            },
            "suggest": {
                "happydemon/txt": "Required Text helpers when using the Kohana implementation",
                "illuminate/database": "Default sentry user, group and throttling implementations.",
                "ircmaxell/password-compat": "Default hashing uses PHP 5.5 password_* functions, with forward-compatible support."
            },
            "type": "library",
            "extra": {
                "component": "package",
                "frameworks": [
                    "Laravel 3",
                    "Laravel 4",
                    "CodeIgniter 3",
                    "FuelPHP 1",
                    "Kohana"
                ],
                "versions": {
                    "1": "1.1/master",
                    "2": "master"
                },
                "branch-alias": {
                    "dev-master": "2.2.x-dev"
                }
            },
            "autoload": {
                "classmap": [
                    "src/Cartalyst/Sentry/Groups/Exceptions.php",
                    "src/Cartalyst/Sentry/Throttling/Exceptions.php",
                    "src/Cartalyst/Sentry/Users/Exceptions.php",
                    "src/migrations"
                ],
                "psr-0": {
                    "Cartalyst\\Sentry": "src/"
                }
            },
            "notification-url": "https://packagist.org/downloads/",
            "license": [
                "BSD-3-Clause"
            ],
            "authors": [
                {
                    "name": "Ben Corlett",
                    "email": "ben.corlett@cartalyst.com",
                    "role": "Developer"
                },
                {
                    "name": "Cartalyst LLC",
                    "email": "help@cartalyst.com"
                },
                {
                    "name": "Bruno Gaspar",
                    "email": "bruno.gaspar@cartalyst.com",
                    "role": "Developer"
                },
                {
                    "name": "Dan Syme",
                    "email": "dan.syme@cartalyst.com",
                    "role": "Creator & Designer"
                },
                {
                    "name": "Daniel Petrie",
                    "email": "dan.petrie@cartalyst.com",
                    "role": "Developer"
                }
            ],
            "description": "PHP 5.3+ Fully-featured Authentication & Authorization System",
            "keywords": [
                "auth",
                "codeigniter",
                "fuelphp",
                "kohana",
                "laravel",
                "security"
            ],
            "time": "2015-04-20 12:47:58"
        }
    ],
    "packages-dev": [],
    "aliases": [],
    "minimum-stability": "dev",
    "stability-flags": {
        "cartalyst/sentry": 20
    },
    "prefer-stable": false,
    "prefer-lowest": false,
    "platform": [],
    "platform-dev": []
}
